
Microsoft Visual Studio Solution File, Format Version 12.00
# Visual Studio Version 17
VisualStudioVersion = 17.0.31903.59
MinimumVisualStudioVersion = 10.0.40219.1
Project("{FAE04EC0-301F-11D3-BF4B-00C04F79EFBC}") = "API", "API\API.csproj", "{10A39277-2843-4482-8363-EA99D518380B}"
EndProject
Project("{FAE04EC0-301F-11D3-BF4B-00C04F79EFBC}") = "Application", "Application\Application.csproj", "{6AB0BA43-B8AE-449D-8BD4-68E3A9D31A85}"
EndProject
Project("{FAE04EC0-301F-11D3-BF4B-00C04F79EFBC}") = "Domain", "Domain\Domain.csproj", "{96229E40-B908-46D1-956A-FBC3D62F772E}"
EndProject
Project("{FAE04EC0-301F-11D3-BF4B-00C04F79EFBC}") = "Persistence", "Persistence\Persistence.csproj", "{B8CF1DA5-08AE-4FE7-B5D9-85721D5F1B7B}"
EndProject
Global
	GlobalSection(SolutionConfigurationPlatforms) = preSolution
		Debug|Any CPU = Debug|Any CPU
		Release|Any CPU = Release|Any CPU
	EndGlobalSection
	GlobalSection(SolutionProperties) = preSolution
		HideSolutionNode = FALSE
	EndGlobalSection
	GlobalSection(ProjectConfigurationPlatforms) = postSolution
		{10A39277-2843-4482-8363-EA99D518380B}.Debug|Any CPU.ActiveCfg = Debug|Any CPU
		{10A39277-2843-4482-8363-EA99D518380B}.Debug|Any CPU.Build.0 = Debug|Any CPU
		{10A39277-2843-4482-8363-EA99D518380B}.Release|Any CPU.ActiveCfg = Release|Any CPU
		{10A39277-2843-4482-8363-EA99D518380B}.Release|Any CPU.Build.0 = Release|Any CPU
		{6AB0BA43-B8AE-449D-8BD4-68E3A9D31A85}.Debug|Any CPU.ActiveCfg = Debug|Any CPU
		{6AB0BA43-B8AE-449D-8BD4-68E3A9D31A85}.Debug|Any CPU.Build.0 = Debug|Any CPU
		{6AB0BA43-B8AE-449D-8BD4-68E3A9D31A85}.Release|Any CPU.ActiveCfg = Release|Any CPU
		{6AB0BA43-B8AE-449D-8BD4-68E3A9D31A85}.Release|Any CPU.Build.0 = Release|Any CPU
		{96229E40-B908-46D1-956A-FBC3D62F772E}.Debug|Any CPU.ActiveCfg = Debug|Any CPU
		{96229E40-B908-46D1-956A-FBC3D62F772E}.Debug|Any CPU.Build.0 = Debug|Any CPU
		{96229E40-B908-46D1-956A-FBC3D62F772E}.Release|Any CPU.ActiveCfg = Release|Any CPU
		{96229E40-B908-46D1-956A-FBC3D62F772E}.Release|Any CPU.Build.0 = Release|Any CPU
		{B8CF1DA5-08AE-4FE7-B5D9-85721D5F1B7B}.Debug|Any CPU.ActiveCfg = Debug|Any CPU
		{B8CF1DA5-08AE-4FE7-B5D9-85721D5F1B7B}.Debug|Any CPU.Build.0 = Debug|Any CPU
		{B8CF1DA5-08AE-4FE7-B5D9-85721D5F1B7B}.Release|Any CPU.ActiveCfg = Release|Any CPU
		{B8CF1DA5-08AE-4FE7-B5D9-85721D5F1B7B}.Release|Any CPU.Build.0 = Release|Any CPU
	EndGlobalSection
EndGlobal
